{
  "name": "@marioypolo/web-extraction-capabilities",
  "version": "0.1.0",
  "lockfileVersion": 3,
  "requires": true,
  "packages": {
    "": {
      "name": "@marioypolo/web-extraction-capabilities",
      "version": "0.1.0",
      "license": "Apache-2.0",
      "bin": {
        "web-extract": "bin/web-extract.mjs"
      },
      "engines": {
        "node": ">=22"
      },
      "peerDependencies": {
        "playwright": ">=1.50.0"
      },
      "peerDependenciesMeta": {
        "playwright": {
          "optional": true
        }
      }
    }
  }
}
